<?xml version="1.0" encoding="utf-8"?>
<Project ToolsVersion="4.0" xmlns="http://schemas.microsoft.com/developer/msbuild/2003">
  <ItemGroup>
    <Filter Include="src">
      <UniqueIdentifier>{0c1991c1-ce4d-411e-bef6-53634f81ac61}</UniqueIdentifier>
    </Filter>
    <Filter Include="src\utils">
      <UniqueIdentifier>{f8d4c173-cddd-45d0-9cb5-7a2f31f06a85}</UniqueIdentifier>
    </Filter>
    <Filter Include="src\center">
      <UniqueIdentifier>{93168bc8-6708-4a56-8ece-ffebe3c0aade}</UniqueIdentifier>
    </Filter>
  </ItemGroup>
  <ItemGroup>
    <ClCompile Include="..\..\..\utils\log.c">
      <Filter>src\utils</Filter>
    </ClCompile>
    <ClCompile Include="..\..\..\center_server\main.c">
      <Filter>src\center</Filter>
    </ClCompile>
  </ItemGroup>
  <ItemGroup>
    <ClInclude Include="..\..\..\utils\log.h">
      <Filter>src\utils</Filter>
    </ClInclude>
  </ItemGroup>
</Project>